
Microsoft Visual Studio Solution File, Format Version 12.00
# Visual Studio Version 16
VisualStudioVersion = 16.0.29209.62
MinimumVisualStudioVersion = 10.0.40219.1
Project("{FAE04EC0-301F-11D3-BF4B-00C04F79EFBC}") = "HelloWorld", "HelloWorld.csproj", "{A3417BB8-6EAB-47BC-AD68-46C710C3A677}"
EndProject
Global
	GlobalSection(SolutionConfigurationPlatforms) = preSolution
		Debug|Any CPU = Debug|Any CPU
		Release|Any CPU = Release|Any CPU
	EndGlobalSection
	GlobalSection(ProjectConfigurationPlatforms) = postSolution
		{A3417BB8-6EAB-47BC-AD68-46C710C3A677}.Debug|Any CPU.ActiveCfg = Debug|Any CPU
		{A3417BB8-6EAB-47BC-AD68-46C710C3A677}.Debug|Any CPU.Build.0 = Debug|Any CPU
		{A3417BB8-6EAB-47BC-AD68-46C710C3A677}.Release|Any CPU.ActiveCfg = Release|Any CPU
		{A3417BB8-6EAB-47BC-AD68-46C710C3A677}.Release|Any CPU.Build.0 = Release|Any CPU
	EndGlobalSection
	GlobalSection(SolutionProperties) = preSolution
		HideSolutionNode = FALSE
	EndGlobalSection
	GlobalSection(ExtensibilityGlobals) = postSolution
		SolutionGuid = {673BDCF1-D682-4BE5-8561-2F6FBBE13226}
	EndGlobalSection
EndGlobal
